
Microsoft Visual Studio Solution File, Format Version 12.00
# Visual Studio Version 16
VisualStudioVersion = 16.0.31205.134
MinimumVisualStudioVersion = 10.0.40219.1
Project("{FAE04EC0-301F-11D3-BF4B-00C04F79EFBC}") = "LuggageSystem", "LuggageSystem.csproj", "{D3921752-60C8-41F7-A162-9BB8187B3748}"
EndProject
Global
	GlobalSection(SolutionConfigurationPlatforms) = preSolution
		Debug|Any CPU = Debug|Any CPU
		Release|Any CPU = Release|Any CPU
	EndGlobalSection
	GlobalSection(ProjectConfigurationPlatforms) = postSolution
		{D3921752-60C8-41F7-A162-9BB8187B3748}.Debug|Any CPU.ActiveCfg = Debug|Any CPU
		{D3921752-60C8-41F7-A162-9BB8187B3748}.Debug|Any CPU.Build.0 = Debug|Any CPU
		{D3921752-60C8-41F7-A162-9BB8187B3748}.Release|Any CPU.ActiveCfg = Release|Any CPU
		{D3921752-60C8-41F7-A162-9BB8187B3748}.Release|Any CPU.Build.0 = Release|Any CPU
	EndGlobalSection
	GlobalSection(SolutionProperties) = preSolution
		HideSolutionNode = FALSE
	EndGlobalSection
	GlobalSection(ExtensibilityGlobals) = postSolution
		SolutionGuid = {CEA9C7BA-B253-454B-B420-8FD8B3636CFB}
	EndGlobalSection
EndGlobal
